
Microsoft Visual Studio Solution File, Format Version 12.00
# Visual Studio 15
VisualStudioVersion = 15.0.28010.2036
MinimumVisualStudioVersion = 10.0.40219.1
Project("{FAE04EC0-301F-11D3-BF4B-00C04F79EFBC}") = "Web04Application", "Web04Application\Web04Application.csproj", "{98FD7B91-C3D6-4CD2-A3D3-C33B76B14C1E}"
EndProject
Global
	GlobalSection(SolutionConfigurationPlatforms) = preSolution
		Debug|Any CPU = Debug|Any CPU
		Release|Any CPU = Release|Any CPU
	EndGlobalSection
	GlobalSection(ProjectConfigurationPlatforms) = postSolution
		{98FD7B91-C3D6-4CD2-A3D3-C33B76B14C1E}.Debug|Any CPU.ActiveCfg = Debug|Any CPU
		{98FD7B91-C3D6-4CD2-A3D3-C33B76B14C1E}.Debug|Any CPU.Build.0 = Debug|Any CPU
		{98FD7B91-C3D6-4CD2-A3D3-C33B76B14C1E}.Release|Any CPU.ActiveCfg = Release|Any CPU
		{98FD7B91-C3D6-4CD2-A3D3-C33B76B14C1E}.Release|Any CPU.Build.0 = Release|Any CPU
	EndGlobalSection
	GlobalSection(SolutionProperties) = preSolution
		HideSolutionNode = FALSE
	EndGlobalSection
	GlobalSection(ExtensibilityGlobals) = postSolution
		SolutionGuid = {47A97B56-1ED5-4A7A-A0BB-A851A89922E0}
	EndGlobalSection
EndGlobal
